Microsoft Visual Studio Solution File, Format Version 12.00
# Visual Studio Version 17
VisualStudioVersion = 17.0.31903.59
MinimumVisualStudioVersion = 10.0.40219.1
Project("{FAE04EC0-301F-11D3-BF4B-00C04F79EFBC}") = "LockIn.Core", "src\LockIn.Core\LockIn.Core.csproj", "{1E4CC0F2-9F9F-4C4A-9EF9-5603DBB3A401}"
EndProject
Project("{FAE04EC0-301F-11D3-BF4B-00C04F79EFBC}") = "LockIn.App", "src\LockIn.App\LockIn.App.csproj", "{5D6427AF-1B1A-46D7-8A43-1BA66B6152E5}"
EndProject
Project("{FAE04EC0-301F-11D3-BF4B-00C04F79EFBC}") = "LockIn.Core.Tests", "tests\LockIn.Core.Tests\LockIn.Core.Tests.csproj", "{AF22E948-B01D-4E35-B790-06AD0A27D428}"
EndProject
Global
	GlobalSection(SolutionConfigurationPlatforms) = preSolution
		Debug|Any CPU = Debug|Any CPU
		Release|Any CPU = Release|Any CPU
	EndGlobalSection
	GlobalSection(ProjectConfigurationPlatforms) = postSolution
		{1E4CC0F2-9F9F-4C4A-9EF9-5603DBB3A401}.Debug|Any CPU.ActiveCfg = Debug|Any CPU
		{1E4CC0F2-9F9F-4C4A-9EF9-5603DBB3A401}.Debug|Any CPU.Build.0 = Debug|Any CPU
		{1E4CC0F2-9F9F-4C4A-9EF9-5603DBB3A401}.Release|Any CPU.ActiveCfg = Release|Any CPU
		{1E4CC0F2-9F9F-4C4A-9EF9-5603DBB3A401}.Release|Any CPU.Build.0 = Release|Any CPU
		{5D6427AF-1B1A-46D7-8A43-1BA66B6152E5}.Debug|Any CPU.ActiveCfg = Debug|Any CPU
		{5D6427AF-1B1A-46D7-8A43-1BA66B6152E5}.Debug|Any CPU.Build.0 = Debug|Any CPU
		{5D6427AF-1B1A-46D7-8A43-1BA66B6152E5}.Release|Any CPU.ActiveCfg = Release|Any CPU
		{5D6427AF-1B1A-46D7-8A43-1BA66B6152E5}.Release|Any CPU.Build.0 = Release|Any CPU
		{AF22E948-B01D-4E35-B790-06AD0A27D428}.Debug|Any CPU.ActiveCfg = Debug|Any CPU
		{AF22E948-B01D-4E35-B790-06AD0A27D428}.Debug|Any CPU.Build.0 = Debug|Any CPU
		{AF22E948-B01D-4E35-B790-06AD0A27D428}.Release|Any CPU.ActiveCfg = Release|Any CPU
		{AF22E948-B01D-4E35-B790-06AD0A27D428}.Release|Any CPU.Build.0 = Release|Any CPU
	EndGlobalSection
EndGlobal
